{
    "_readme": [
        "This file locks the dependencies of your project to a known state",
        "Read more about it at https://getcomposer.org/doc/01-basic-usage.md#installing-dependencies",
        "This file is @generated automatically"
    ],
    "content-hash": "f4ffa8ff84a82f7686c0e759723f648c",
    "packages": [
        {
            "name": "wp-forge/core",
            "version": "dev-main",
            "dist": {
                "type": "path",
                "url": "../../packages/core",
                "reference": "63aad57ccf64b790ac9f4ba4a141dc5b3a705935"
            },
            "require": {
                "php": ">=8.1"
            },
            "require-dev": {
                "phpstan/phpstan": "^1.10",
                "phpunit/phpunit": "^10.0",
                "squizlabs/php_codesniffer": "^3.7"
            },
            "type": "library",
            "autoload": {
                "psr-4": {
                    "WPForge\\": "src/"
                }
            },
            "autoload-dev": {
                "psr-4": {
                    "WPForge\\Tests\\": "tests/"
                }
            },
            "scripts": {
                "test": [
                    "phpunit"
                ],
                "phpcs": [
                    "phpcs"
                ],
                "phpstan": [
                    "phpstan analyze"
                ]
            },
            "license": [
                "GPL-3.0-or-later"
            ],
            "authors": [
                {
                    "name": "Jon Imms",
                    "email": "jon@example.com"
                }
            ],
            "description": "Core PHP framework for WP-Forge themes",
            "transport-options": {
                "relative": true
            }
        }
    ],
    "packages-dev": [],
    "aliases": [],
    "minimum-stability": "stable",
    "stability-flags": {
        "wp-forge/core": 20
    },
    "prefer-stable": false,
    "prefer-lowest": false,
    "platform": [],
    "platform-dev": [],
    "plugin-api-version": "2.6.0"
}
